
Microsoft Visual Studio Solution File, Format Version 12.00
# Visual Studio Version 16
VisualStudioVersion = 16.0.29709.97
MinimumVisualStudioVersion = 10.0.40219.1
Project("{8BC9CEB8-8B4A-11D0-8D11-00A0C91BC942}") = "MFCChatClient", "MFCChatClient.vcxproj", "{66DC528B-836F-4E4F-8EE5-F07CF5294B6C}"
EndProject
Project("{8BC9CEB8-8B4A-11D0-8D11-00A0C91BC942}") = "MFCChatServer", "..\MFCChatServer\MFCChatServer.vcxproj", "{B7FFA8DE-BBAC-407E-BD5F-FF2DD3D264A3}"
EndProject
Global
	GlobalSection(SolutionConfigurationPlatforms) = preSolution
		Debug|x64 = Debug|x64
		Debug|x86 = Debug|x86
		Release|x64 = Release|x64
		Release|x86 = Release|x86
	EndGlobalSection
	GlobalSection(ProjectConfigurationPlatforms) = postSolution
		{66DC528B-836F-4E4F-8EE5-F07CF5294B6C}.Debug|x64.ActiveCfg = Debug|x64
		{66DC528B-836F-4E4F-8EE5-F07CF5294B6C}.Debug|x64.Build.0 = Debug|x64
		{66DC528B-836F-4E4F-8EE5-F07CF5294B6C}.Debug|x86.ActiveCfg = Debug|Win32
		{66DC528B-836F-4E4F-8EE5-F07CF5294B6C}.Debug|x86.Build.0 = Debug|Win32
		{66DC528B-836F-4E4F-8EE5-F07CF5294B6C}.Release|x64.ActiveCfg = Release|x64
		{66DC528B-836F-4E4F-8EE5-F07CF5294B6C}.Release|x64.Build.0 = Release|x64
		{66DC528B-836F-4E4F-8EE5-F07CF5294B6C}.Release|x86.ActiveCfg = Release|Win32
		{66DC528B-836F-4E4F-8EE5-F07CF5294B6C}.Release|x86.Build.0 = Release|Win32
		{B7FFA8DE-BBAC-407E-BD5F-FF2DD3D264A3}.Debug|x64.ActiveCfg = Debug|x64
		{B7FFA8DE-BBAC-407E-BD5F-FF2DD3D264A3}.Debug|x64.Build.0 = Debug|x64
		{B7FFA8DE-BBAC-407E-BD5F-FF2DD3D264A3}.Debug|x86.ActiveCfg = Debug|Win32
		{B7FFA8DE-BBAC-407E-BD5F-FF2DD3D264A3}.Debug|x86.Build.0 = Debug|Win32
		{B7FFA8DE-BBAC-407E-BD5F-FF2DD3D264A3}.Release|x64.ActiveCfg = Release|x64
		{B7FFA8DE-BBAC-407E-BD5F-FF2DD3D264A3}.Release|x64.Build.0 = Release|x64
		{B7FFA8DE-BBAC-407E-BD5F-FF2DD3D264A3}.Release|x86.ActiveCfg = Release|Win32
		{B7FFA8DE-BBAC-407E-BD5F-FF2DD3D264A3}.Release|x86.Build.0 = Release|Win32
	EndGlobalSection
	GlobalSection(SolutionProperties) = preSolution
		HideSolutionNode = FALSE
	EndGlobalSection
	GlobalSection(ExtensibilityGlobals) = postSolution
		SolutionGuid = {5578F6D4-CCC2-4F7B-A9A9-C6CAB58DC02B}
	EndGlobalSection
EndGlobal
